
Microsoft Visual Studio Solution File, Format Version 12.00
# Visual Studio Version 17
VisualStudioVersion = 17.1.32328.378
MinimumVisualStudioVersion = 10.0.40219.1
Project("{FAE04EC0-301F-11D3-BF4B-00C04F79EFBC}") = "ArielJaramillo.Android", "ArielJaramillo.Android\ArielJaramillo.Android.csproj", "{862072AF-BE3F-4E17-97E8-E77F1AA0E8E5}"
EndProject
Project("{FAE04EC0-301F-11D3-BF4B-00C04F79EFBC}") = "ArielJaramillo.iOS", "ArielJaramillo.iOS\ArielJaramillo.iOS.csproj", "{71F05EE9-066D-498C-AE49-5A054CAF8322}"
EndProject
Project("{FAE04EC0-301F-11D3-BF4B-00C04F79EFBC}") = "ArielJaramillo", "ArielJaramillo\ArielJaramillo.csproj", "{2378AF52-9005-4067-A785-8499C31AB914}"
EndProject
Global
	GlobalSection(SolutionConfigurationPlatforms) = preSolution
		Debug|Any CPU = Debug|Any CPU
		Debug|iPhone = Debug|iPhone
		Debug|iPhoneSimulator = Debug|iPhoneSimulator
		Release|Any CPU = Release|Any CPU
		Release|iPhone = Release|iPhone
		Release|iPhoneSimulator = Release|iPhoneSimulator
	EndGlobalSection
	GlobalSection(ProjectConfigurationPlatforms) = postSolution
		{862072AF-BE3F-4E17-97E8-E77F1AA0E8E5}.Debug|Any CPU.ActiveCfg = Debug|Any CPU
		{862072AF-BE3F-4E17-97E8-E77F1AA0E8E5}.Debug|Any CPU.Build.0 = Debug|Any CPU
		{862072AF-BE3F-4E17-97E8-E77F1AA0E8E5}.Debug|Any CPU.Deploy.0 = Debug|Any CPU
		{862072AF-BE3F-4E17-97E8-E77F1AA0E8E5}.Debug|iPhone.ActiveCfg = Debug|Any CPU
		{862072AF-BE3F-4E17-97E8-E77F1AA0E8E5}.Debug|iPhone.Build.0 = Debug|Any CPU
		{862072AF-BE3F-4E17-97E8-E77F1AA0E8E5}.Debug|iPhone.Deploy.0 = Debug|Any CPU
		{862072AF-BE3F-4E17-97E8-E77F1AA0E8E5}.Debug|iPhoneSimulator.ActiveCfg = Debug|Any CPU
		{862072AF-BE3F-4E17-97E8-E77F1AA0E8E5}.Debug|iPhoneSimulator.Build.0 = Debug|Any CPU
		{862072AF-BE3F-4E17-97E8-E77F1AA0E8E5}.Debug|iPhoneSimulator.Deploy.0 = Debug|Any CPU
		{862072AF-BE3F-4E17-97E8-E77F1AA0E8E5}.Release|Any CPU.ActiveCfg = Release|Any CPU
		{862072AF-BE3F-4E17-97E8-E77F1AA0E8E5}.Release|Any CPU.Build.0 = Release|Any CPU
		{862072AF-BE3F-4E17-97E8-E77F1AA0E8E5}.Release|Any CPU.Deploy.0 = Release|Any CPU
		{862072AF-BE3F-4E17-97E8-E77F1AA0E8E5}.Release|iPhone.ActiveCfg = Release|Any CPU
		{862072AF-BE3F-4E17-97E8-E77F1AA0E8E5}.Release|iPhone.Build.0 = Release|Any CPU
		{862072AF-BE3F-4E17-97E8-E77F1AA0E8E5}.Release|iPhone.Deploy.0 = Release|Any CPU
		{862072AF-BE3F-4E17-97E8-E77F1AA0E8E5}.Release|iPhoneSimulator.ActiveCfg = Release|Any CPU
		{862072AF-BE3F-4E17-97E8-E77F1AA0E8E5}.Release|iPhoneSimulator.Build.0 = Release|Any CPU
		{862072AF-BE3F-4E17-97E8-E77F1AA0E8E5}.Release|iPhoneSimulator.Deploy.0 = Release|Any CPU
		{71F05EE9-066D-498C-AE49-5A054CAF8322}.Debug|Any CPU.ActiveCfg = Debug|iPhone
		{71F05EE9-066D-498C-AE49-5A054CAF8322}.Debug|Any CPU.Build.0 = Debug|iPhone
		{71F05EE9-066D-498C-AE49-5A054CAF8322}.Debug|Any CPU.Deploy.0 = Debug|iPhone
		{71F05EE9-066D-498C-AE49-5A054CAF8322}.Debug|iPhone.ActiveCfg = Debug|iPhone
		{71F05EE9-066D-498C-AE49-5A054CAF8322}.Debug|iPhone.Build.0 = Debug|iPhone
		{71F05EE9-066D-498C-AE49-5A054CAF8322}.Debug|iPhone.Deploy.0 = Debug|iPhone
		{71F05EE9-066D-498C-AE49-5A054CAF8322}.Debug|iPhoneSimulator.ActiveCfg = Debug|iPhoneSimulator
		{71F05EE9-066D-498C-AE49-5A054CAF8322}.Debug|iPhoneSimulator.Build.0 = Debug|iPhoneSimulator
		{71F05EE9-066D-498C-AE49-5A054CAF8322}.Debug|iPhoneSimulator.Deploy.0 = Debug|iPhoneSimulator
		{71F05EE9-066D-498C-AE49-5A054CAF8322}.Release|Any CPU.ActiveCfg = Release|iPhoneSimulator
		{71F05EE9-066D-498C-AE49-5A054CAF8322}.Release|Any CPU.Build.0 = Release|iPhoneSimulator
		{71F05EE9-066D-498C-AE49-5A054CAF8322}.Release|Any CPU.Deploy.0 = Release|iPhoneSimulator
		{71F05EE9-066D-498C-AE49-5A054CAF8322}.Release|iPhone.ActiveCfg = Release|iPhone
		{71F05EE9-066D-498C-AE49-5A054CAF8322}.Release|iPhone.Build.0 = Release|iPhone
		{71F05EE9-066D-498C-AE49-5A054CAF8322}.Release|iPhone.Deploy.0 = Release|iPhone
		{71F05EE9-066D-498C-AE49-5A054CAF8322}.Release|iPhoneSimulator.ActiveCfg = Release|iPhoneSimulator
		{71F05EE9-066D-498C-AE49-5A054CAF8322}.Release|iPhoneSimulator.Build.0 = Release|iPhoneSimulator
		{71F05EE9-066D-498C-AE49-5A054CAF8322}.Release|iPhoneSimulator.Deploy.0 = Release|iPhoneSimulator
		{2378AF52-9005-4067-A785-8499C31AB914}.Debug|Any CPU.ActiveCfg = Debug|Any CPU
		{2378AF52-9005-4067-A785-8499C31AB914}.Debug|Any CPU.Build.0 = Debug|Any CPU
		{2378AF52-9005-4067-A785-8499C31AB914}.Debug|Any CPU.Deploy.0 = Debug|Any CPU
		{2378AF52-9005-4067-A785-8499C31AB914}.Debug|iPhone.ActiveCfg = Debug|Any CPU
		{2378AF52-9005-4067-A785-8499C31AB914}.Debug|iPhone.Build.0 = Debug|Any CPU
		{2378AF52-9005-4067-A785-8499C31AB914}.Debug|iPhone.Deploy.0 = Debug|Any CPU
		{2378AF52-9005-4067-A785-8499C31AB914}.Debug|iPhoneSimulator.ActiveCfg = Debug|Any CPU
		{2378AF52-9005-4067-A785-8499C31AB914}.Debug|iPhoneSimulator.Build.0 = Debug|Any CPU
		{2378AF52-9005-4067-A785-8499C31AB914}.Debug|iPhoneSimulator.Deploy.0 = Debug|Any CPU
		{2378AF52-9005-4067-A785-8499C31AB914}.Release|Any CPU.ActiveCfg = Release|Any CPU
		{2378AF52-9005-4067-A785-8499C31AB914}.Release|Any CPU.Build.0 = Release|Any CPU
		{2378AF52-9005-4067-A785-8499C31AB914}.Release|Any CPU.Deploy.0 = Release|Any CPU
		{2378AF52-9005-4067-A785-8499C31AB914}.Release|iPhone.ActiveCfg = Release|Any CPU
		{2378AF52-9005-4067-A785-8499C31AB914}.Release|iPhone.Build.0 = Release|Any CPU
		{2378AF52-9005-4067-A785-8499C31AB914}.Release|iPhone.Deploy.0 = Release|Any CPU
		{2378AF52-9005-4067-A785-8499C31AB914}.Release|iPhoneSimulator.ActiveCfg = Release|Any CPU
		{2378AF52-9005-4067-A785-8499C31AB914}.Release|iPhoneSimulator.Build.0 = Release|Any CPU
		{2378AF52-9005-4067-A785-8499C31AB914}.Release|iPhoneSimulator.Deploy.0 = Release|Any CPU
	EndGlobalSection
	GlobalSection(SolutionProperties) = preSolution
		HideSolutionNode = FALSE
	EndGlobalSection
	GlobalSection(ExtensibilityGlobals) = postSolution
		SolutionGuid = {F45191B9-29F6-4296-B6BB-73278E232B90}
	EndGlobalSection
EndGlobal
